// !$*UTF8*$!
{
	archiveVersion = 1;
	classes = {
	};
	objectVersion = 56;
	objects = {

/* Begin PBXBuildFile section */
		394CF30A29D280F700C8E6C1 /* Interactor.swift in Sources */ = {isa = PBXBuildFile; fileRef = 394CF30929D280F700C8E6C1 /* Interactor.swift */; };
		394CF30D29D2811500C8E6C1 /* View.swift in Sources */ = {isa = PBXBuildFile; fileRef = 394CF30C29D2811500C8E6C1 /* View.swift */; };
		394CF30F29D2880C00C8E6C1 /* Presenter.swift in Sources */ = {isa = PBXBuildFile; fileRef = 394CF30E29D2880C00C8E6C1 /* Presenter.swift */; };
		394CF31229D28E9800C8E6C1 /* Router.swift in Sources */ = {isa = PBXBuildFile; fileRef = 394CF31129D28E9800C8E6C1 /* Router.swift */; };
		394CF31529D28F1F00C8E6C1 /* Builder.swift in Sources */ = {isa = PBXBuildFile; fileRef = 394CF31429D28F1F00C8E6C1 /* Builder.swift */; };
		394CF31729D28F5C00C8E6C1 /* CandyView.xib in Resources */ = {isa = PBXBuildFile; fileRef = 394CF31629D28F5C00C8E6C1 /* CandyView.xib */; };
		39540C3329D19045009C4EC6 /* AppDelegate.swift in Sources */ = {isa = PBXBuildFile; fileRef = 39540C3229D19045009C4EC6 /* AppDelegate.swift */; };
		39540C3529D19045009C4EC6 /* SceneDelegate.swift in Sources */ = {isa = PBXBuildFile; fileRef = 39540C3429D19045009C4EC6 /* SceneDelegate.swift */; };
		39540C3729D19045009C4EC6 /* ViewController.swift in Sources */ = {isa = PBXBuildFile; fileRef = 39540C3629D19045009C4EC6 /* ViewController.swift */; };
		39540C3A29D19045009C4EC6 /* Main.storyboard in Resources */ = {isa = PBXBuildFile; fileRef = 39540C3829D19045009C4EC6 /* Main.storyboard */; };
		39540C3C29D19046009C4EC6 /* Assets.xcassets in Resources */ = {isa = PBXBuildFile; fileRef = 39540C3B29D19046009C4EC6 /* Assets.xcassets */; };
		39540C3F29D19046009C4EC6 /* LaunchScreen.storyboard in Resources */ = {isa = PBXBuildFile; fileRef = 39540C3D29D19046009C4EC6 /* LaunchScreen.storyboard */; };
		39540C4A29D19047009C4EC6 /* ViperSampleTests.swift in Sources */ = {isa = PBXBuildFile; fileRef = 39540C4929D19047009C4EC6 /* ViperSampleTests.swift */; };
		39540C5429D19047009C4EC6 /* ViperSampleUITests.swift in Sources */ = {isa = PBXBuildFile; fileRef = 39540C5329D19047009C4EC6 /* ViperSampleUITests.swift */; };
		39540C5629D19047009C4EC6 /* ViperSampleUITestsLaunchTests.swift in Sources */ = {isa = PBXBuildFile; fileRef = 39540C5529D19047009C4EC6 /* ViperSampleUITestsLaunchTests.swift */; };
		39540C6429D1906C009C4EC6 /* Entity.swift in Sources */ = {isa = PBXBuildFile; fileRef = 39540C6329D1906C009C4EC6 /* Entity.swift */; };
		39540C6729D190C3009C4EC6 /* Worker.swift in Sources */ = {isa = PBXBuildFile; fileRef = 39540C6629D190C3009C4EC6 /* Worker.swift */; };
/* End PBXBuildFile section */

/* Begin PBXContainerItemProxy section */
		39540C4629D19047009C4EC6 /* PBXContainerItemProxy */ = {
			isa = PBXContainerItemProxy;
			containerPortal = 39540C2729D19045009C4EC6 /* Project object */;
			proxyType = 1;
			remoteGlobalIDString = 39540C2E29D19045009C4EC6;
			remoteInfo = ViperSample;
		};
		39540C5029D19047009C4EC6 /* PBXContainerItemProxy */ = {
			isa = PBXContainerItemProxy;
			containerPortal = 39540C2729D19045009C4EC6 /* Project object */;
			proxyType = 1;
			remoteGlobalIDString = 39540C2E29D19045009C4EC6;
			remoteInfo = ViperSample;
		};
/* End PBXContainerItemProxy section */

/* Begin PBXFileReference section */
		394CF30929D280F700C8E6C1 /* Interactor.swift */ = {isa = PBXFileReference; lastKnownFileType = sourcecode.swift; path = Interactor.swift; sourceTree = "<group>"; };
		394CF30C29D2811500C8E6C1 /* View.swift */ = {isa = PBXFileReference; lastKnownFileType = sourcecode.swift; path = View.swift; sourceTree = "<group>"; };
		394CF30E29D2880C00C8E6C1 /* Presenter.swift */ = {isa = PBXFileReference; lastKnownFileType = sourcecode.swift; path = Presenter.swift; sourceTree = "<group>"; };
		394CF31129D28E9800C8E6C1 /* Router.swift */ = {isa = PBXFileReference; lastKnownFileType = sourcecode.swift; path = Router.swift; sourceTree = "<group>"; };
		394CF31429D28F1F00C8E6C1 /* Builder.swift */ = {isa = PBXFileReference; lastKnownFileType = sourcecode.swift; path = Builder.swift; sourceTree = "<group>"; };
		394CF31629D28F5C00C8E6C1 /* CandyView.xib */ = {isa = PBXFileReference; lastKnownFileType = file.xib; path = CandyView.xib; sourceTree = "<group>"; };
		39540C2F29D19045009C4EC6 /* ViperSample.app */ = {isa = PBXFileReference; explicitFileType = wrapper.application; includeInIndex = 0; path = ViperSample.app; sourceTree = BUILT_PRODUCTS_DIR; };
		39540C3229D19045009C4EC6 /* AppDelegate.swift */ = {isa = PBXFileReference; lastKnownFileType = sourcecode.swift; path = AppDelegate.swift; sourceTree = "<group>"; };
		39540C3429D19045009C4EC6 /* SceneDelegate.swift */ = {isa = PBXFileReference; lastKnownFileType = sourcecode.swift; path = SceneDelegate.swift; sourceTree = "<group>"; };
		39540C3629D19045009C4EC6 /* ViewController.swift */ = {isa = PBXFileReference; lastKnownFileType = sourcecode.swift; path = ViewController.swift; sourceTree = "<group>"; };
		39540C3929D19045009C4EC6 /* Base */ = {isa = PBXFileReference; lastKnownFileType = file.storyboard; name = Base; path = Base.lproj/Main.storyboard; sourceTree = "<group>"; };
		39540C3B29D19046009C4EC6 /* Assets.xcassets */ = {isa = PBXFileReference; lastKnownFileType = folder.assetcatalog; path = Assets.xcassets; sourceTree = "<group>"; };
		39540C3E29D19046009C4EC6 /* Base */ = {isa = PBXFileReference; lastKnownFileType = file.storyboard; name = Base; path = Base.lproj/LaunchScreen.storyboard; sourceTree = "<group>"; };
		39540C4029D19046009C4EC6 /* Info.plist */ = {isa = PBXFileReference; lastKnownFileType = text.plist.xml; path = Info.plist; sourceTree = "<group>"; };
		39540C4529D19047009C4EC6 /* ViperSampleTests.xctest */ = {isa = PBXFileReference; explicitFileType = wrapper.cfbundle; includeInIndex = 0; path = ViperSampleTests.xctest; sourceTree = BUILT_PRODUCTS_DIR; };
		39540C4929D19047009C4EC6 /* ViperSampleTests.swift */ = {isa = PBXFileReference; lastKnownFileType = sourcecode.swift; path = ViperSampleTests.swift; sourceTree = "<group>"; };
		39540C4F29D19047009C4EC6 /* ViperSampleUITests.xctest */ = {isa = PBXFileReference; explicitFileType = wrapper.cfbundle; includeInIndex = 0; path = ViperSampleUITests.xctest; sourceTree = BUILT_PRODUCTS_DIR; };
		39540C5329D19047009C4EC6 /* ViperSampleUITests.swift */ = {isa = PBXFileReference; lastKnownFileType = sourcecode.swift; path = ViperSampleUITests.swift; sourceTree = "<group>"; };
		39540C5529D19047009C4EC6 /* ViperSampleUITestsLaunchTests.swift */ = {isa = PBXFileReference; lastKnownFileType = sourcecode.swift; path = ViperSampleUITestsLaunchTests.swift; sourceTree = "<group>"; };
		39540C6329D1906C009C4EC6 /* Entity.swift */ = {isa = PBXFileReference; lastKnownFileType = sourcecode.swift; path = Entity.swift; sourceTree = "<group>"; };
		39540C6629D190C3009C4EC6 /* Worker.swift */ = {isa = PBXFileReference; lastKnownFileType = sourcecode.swift; path = Worker.swift; sourceTree = "<group>"; };
/* End PBXFileReference section */

/* Begin PBXFrameworksBuildPhase section */
		39540C2C29D19045009C4EC6 /* Frameworks */ = {
			isa = PBXFrameworksBuildPhase;
			buildActionMask = 2147483647;
			files = (
			);
			runOnlyForDeploymentPostprocessing = 0;
		};
		39540C4229D19047009C4EC6 /* Frameworks */ = {
			isa = PBXFrameworksBuildPhase;
			buildActionMask = 2147483647;
			files = (
			);
			runOnlyForDeploymentPostprocessing = 0;
		};
		39540C4C29D19047009C4EC6 /* Frameworks */ = {
			isa = PBXFrameworksBuildPhase;
			buildActionMask = 2147483647;
			files = (
			);
			runOnlyForDeploymentPostprocessing = 0;
		};
/* End PBXFrameworksBuildPhase section */

/* Begin PBXGroup section */
		394CF30729D2805E00C8E6C1 /* Presenter */ = {
			isa = PBXGroup;
			children = (
				394CF30E29D2880C00C8E6C1 /* Presenter.swift */,
			);
			path = Presenter;
			sourceTree = "<group>";
		};
		394CF30829D280D400C8E6C1 /* Interactor */ = {
			isa = PBXGroup;
			children = (
				394CF30929D280F700C8E6C1 /* Interactor.swift */,
			);
			path = Interactor;
			sourceTree = "<group>";
		};
		394CF30B29D2810800C8E6C1 /* View */ = {
			isa = PBXGroup;
			children = (
				394CF30C29D2811500C8E6C1 /* View.swift */,
				394CF31629D28F5C00C8E6C1 /* CandyView.xib */,
			);
			path = View;
			sourceTree = "<group>";
		};
		394CF31029D28E7200C8E6C1 /* Router */ = {
			isa = PBXGroup;
			children = (
				394CF31129D28E9800C8E6C1 /* Router.swift */,
			);
			path = Router;
			sourceTree = "<group>";
		};
		394CF31329D28F1300C8E6C1 /* Builder */ = {
			isa = PBXGroup;
			children = (
				394CF31429D28F1F00C8E6C1 /* Builder.swift */,
			);
			path = Builder;
			sourceTree = "<group>";
		};
		39540C2629D19045009C4EC6 = {
			isa = PBXGroup;
			children = (
				39540C3129D19045009C4EC6 /* ViperSample */,
				39540C4829D19047009C4EC6 /* ViperSampleTests */,
				39540C5229D19047009C4EC6 /* ViperSampleUITests */,
				39540C3029D19045009C4EC6 /* Products */,
			);
			sourceTree = "<group>";
		};
		39540C3029D19045009C4EC6 /* Products */ = {
			isa = PBXGroup;
			children = (
				39540C2F29D19045009C4EC6 /* ViperSample.app */,
				39540C4529D19047009C4EC6 /* ViperSampleTests.xctest */,
				39540C4F29D19047009C4EC6 /* ViperSampleUITests.xctest */,
			);
			name = Products;
			sourceTree = "<group>";
		};
		39540C3129D19045009C4EC6 /* ViperSample */ = {
			isa = PBXGroup;
			children = (
				394CF31329D28F1300C8E6C1 /* Builder */,
				394CF30B29D2810800C8E6C1 /* View */,
				394CF30829D280D400C8E6C1 /* Interactor */,
				394CF30729D2805E00C8E6C1 /* Presenter */,
				39540C6229D19058009C4EC6 /* Entity */,
				394CF31029D28E7200C8E6C1 /* Router */,
				39540C6529D190B4009C4EC6 /* Worker */,
				39540C3229D19045009C4EC6 /* AppDelegate.swift */,
				39540C3429D19045009C4EC6 /* SceneDelegate.swift */,
				39540C3629D19045009C4EC6 /* ViewController.swift */,
				39540C3829D19045009C4EC6 /* Main.storyboard */,
				39540C3B29D19046009C4EC6 /* Assets.xcassets */,
				39540C3D29D19046009C4EC6 /* LaunchScreen.storyboard */,
				39540C4029D19046009C4EC6 /* Info.plist */,
			);
			path = ViperSample;
			sourceTree = "<group>";
		};
		39540C4829D19047009C4EC6 /* ViperSampleTests */ = {
			isa = PBXGroup;
			children = (
				39540C4929D19047009C4EC6 /* ViperSampleTests.swift */,
			);
			path = ViperSampleTests;
			sourceTree = "<group>";
		};
		39540C5229D19047009C4EC6 /* ViperSampleUITests */ = {
			isa = PBXGroup;
			children = (
				39540C5329D19047009C4EC6 /* ViperSampleUITests.swift */,
				39540C5529D19047009C4EC6 /* ViperSampleUITestsLaunchTests.swift */,
			);
			path = ViperSampleUITests;
			sourceTree = "<group>";
		};
		39540C6229D19058009C4EC6 /* Entity */ = {
			isa = PBXGroup;
			children = (
				39540C6329D1906C009C4EC6 /* Entity.swift */,
			);
			path = Entity;
			sourceTree = "<group>";
		};
		39540C6529D190B4009C4EC6 /* Worker */ = {
			isa = PBXGroup;
			children = (
				39540C6629D190C3009C4EC6 /* Worker.swift */,
			);
			path = Worker;
			sourceTree = "<group>";
		};
/* End PBXGroup section */

/* Begin PBXNativeTarget section */
		39540C2E29D19045009C4EC6 /* ViperSample */ = {
			isa = PBXNativeTarget;
			buildConfigurationList = 39540C5929D19047009C4EC6 /* Build configuration list for PBXNativeTarget "ViperSample" */;
			buildPhases = (
				39540C2B29D19045009C4EC6 /* Sources */,
				39540C2C29D19045009C4EC6 /* Frameworks */,
				39540C2D29D19045009C4EC6 /* Resources */,
			);
			buildRules = (
			);
			dependencies = (
			);
			name = ViperSample;
			productName = ViperSample;
			productReference = 39540C2F29D19045009C4EC6 /* ViperSample.app */;
			productType = "com.apple.product-type.application";
		};
		39540C4429D19047009C4EC6 /* ViperSampleTests */ = {
			isa = PBXNativeTarget;
			buildConfigurationList = 39540C5C29D19047009C4EC6 /* Build configuration list for PBXNativeTarget "ViperSampleTests" */;
			buildPhases = (
				39540C4129D19047009C4EC6 /* Sources */,
				39540C4229D19047009C4EC6 /* Frameworks */,
				39540C4329D19047009C4EC6 /* Resources */,
			);
			buildRules = (
			);
			dependencies = (
				39540C4729D19047009C4EC6 /* PBXTargetDependency */,
			);
			name = ViperSampleTests;
			productName = ViperSampleTests;
			productReference = 39540C4529D19047009C4EC6 /* ViperSampleTests.xctest */;
			productType = "com.apple.product-type.bundle.unit-test";
		};
		39540C4E29D19047009C4EC6 /* ViperSampleUITests */ = {
			isa = PBXNativeTarget;
			buildConfigurationList = 39540C5F29D19047009C4EC6 /* Build configuration list for PBXNativeTarget "ViperSampleUITests" */;
			buildPhases = (
				39540C4B29D19047009C4EC6 /* Sources */,
				39540C4C29D19047009C4EC6 /* Frameworks */,
				39540C4D29D19047009C4EC6 /* Resources */,
			);
			buildRules = (
			);
			dependencies = (
				39540C5129D19047009C4EC6 /* PBXTargetDependency */,
			);
			name = ViperSampleUITests;
			productName = ViperSampleUITests;
			productReference = 39540C4F29D19047009C4EC6 /* ViperSampleUITests.xctest */;
			productType = "com.apple.product-type.bundle.ui-testing";
		};
/* End PBXNativeTarget section */

/* Begin PBXProject section */
		39540C2729D19045009C4EC6 /* Project object */ = {
			isa = PBXProject;
			attributes = {
				BuildIndependentTargetsInParallel = 1;
				LastSwiftUpdateCheck = 1420;
				LastUpgradeCheck = 1420;
				TargetAttributes = {
					39540C2E29D19045009C4EC6 = {
						CreatedOnToolsVersion = 14.2;
					};
					39540C4429D19047009C4EC6 = {
						CreatedOnToolsVersion = 14.2;
						TestTargetID = 39540C2E29D19045009C4EC6;
					};
					39540C4E29D19047009C4EC6 = {
						CreatedOnToolsVersion = 14.2;
						TestTargetID = 39540C2E29D19045009C4EC6;
					};
				};
			};
			buildConfigurationList = 39540C2A29D19045009C4EC6 /* Build configuration list for PBXProject "ViperSample" */;
			compatibilityVersion = "Xcode 14.0";
			developmentRegion = en;
			hasScannedForEncodings = 0;
			knownRegions = (
				en,
				Base,
			);
			mainGroup = 39540C2629D19045009C4EC6;
			productRefGroup = 39540C3029D19045009C4EC6 /* Products */;
			projectDirPath = "";
			projectRoot = "";
			targets = (
				39540C2E29D19045009C4EC6 /* ViperSample */,
				39540C4429D19047009C4EC6 /* ViperSampleTests */,
				39540C4E29D19047009C4EC6 /* ViperSampleUITests */,
			);
		};
/* End PBXProject section */

/* Begin PBXResourcesBuildPhase section */
		39540C2D29D19045009C4EC6 /* Resources */ = {
			isa = PBXResourcesBuildPhase;
			buildActionMask = 2147483647;
			files = (
				394CF31729D28F5C00C8E6C1 /* CandyView.xib in Resources */,
				39540C3F29D19046009C4EC6 /* LaunchScreen.storyboard in Resources */,
				39540C3C29D19046009C4EC6 /* Assets.xcassets in Resources */,
				39540C3A29D19045009C4EC6 /* Main.storyboard in Resources */,
			);
			runOnlyForDeploymentPostprocessing = 0;
		};
		39540C4329D19047009C4EC6 /* Resources */ = {
			isa = PBXResourcesBuildPhase;
			buildActionMask = 2147483647;
			files = (
			);
			runOnlyForDeploymentPostprocessing = 0;
		};
		39540C4D29D19047009C4EC6 /* Resources */ = {
			isa = PBXResourcesBuildPhase;
			buildActionMask = 2147483647;
			files = (
			);
			runOnlyForDeploymentPostprocessing = 0;
		};
/* End PBXResourcesBuildPhase section */

/* Begin PBXSourcesBuildPhase section */
		39540C2B29D19045009C4EC6 /* Sources */ = {
			isa = PBXSourcesBuildPhase;
			buildActionMask = 2147483647;
			files = (
				394CF30A29D280F700C8E6C1 /* Interactor.swift in Sources */,
				39540C6729D190C3009C4EC6 /* Worker.swift in Sources */,
				394CF30F29D2880C00C8E6C1 /* Presenter.swift in Sources */,
				39540C6429D1906C009C4EC6 /* Entity.swift in Sources */,
				394CF31229D28E9800C8E6C1 /* Router.swift in Sources */,
				39540C3729D19045009C4EC6 /* ViewController.swift in Sources */,
				39540C3329D19045009C4EC6 /* AppDelegate.swift in Sources */,
				394CF30D29D2811500C8E6C1 /* View.swift in Sources */,
				39540C3529D19045009C4EC6 /* SceneDelegate.swift in Sources */,
				394CF31529D28F1F00C8E6C1 /* Builder.swift in Sources */,
			);
			runOnlyForDeploymentPostprocessing = 0;
		};
		39540C4129D19047009C4EC6 /* Sources */ = {
			isa = PBXSourcesBuildPhase;
			buildActionMask = 2147483647;
			files = (
				39540C4A29D19047009C4EC6 /* ViperSampleTests.swift in Sources */,
			);
			runOnlyForDeploymentPostprocessing = 0;
		};
		39540C4B29D19047009C4EC6 /* Sources */ = {
			isa = PBXSourcesBuildPhase;
			buildActionMask = 2147483647;
			files = (
				39540C5429D19047009C4EC6 /* ViperSampleUITests.swift in Sources */,
				39540C5629D19047009C4EC6 /* ViperSampleUITestsLaunchTests.swift in Sources */,
			);
			runOnlyForDeploymentPostprocessing = 0;
		};
/* End PBXSourcesBuildPhase section */

/* Begin PBXTargetDependency section */
		39540C4729D19047009C4EC6 /* PBXTargetDependency */ = {
			isa = PBXTargetDependency;
			target = 39540C2E29D19045009C4EC6 /* ViperSample */;
			targetProxy = 39540C4629D19047009C4EC6 /* PBXContainerItemProxy */;
		};
		39540C5129D19047009C4EC6 /* PBXTargetDependency */ = {
			isa = PBXTargetDependency;
			target = 39540C2E29D19045009C4EC6 /* ViperSample */;
			targetProxy = 39540C5029D19047009C4EC6 /* PBXContainerItemProxy */;
		};
/* End PBXTargetDependency section */

/* Begin PBXVariantGroup section */
		39540C3829D19045009C4EC6 /* Main.storyboard */ = {
			isa = PBXVariantGroup;
			children = (
				39540C3929D19045009C4EC6 /* Base */,
			);
			name = Main.storyboard;
			sourceTree = "<group>";
		};
		39540C3D29D19046009C4EC6 /* LaunchScreen.storyboard */ = {
			isa = PBXVariantGroup;
			children = (
				39540C3E29D19046009C4EC6 /* Base */,
			);
			name = LaunchScreen.storyboard;
			sourceTree = "<group>";
		};
/* End PBXVariantGroup section */

/* Begin XCBuildConfiguration section */
		39540C5729D19047009C4EC6 /* Debug */ = {
			isa = XCBuildConfiguration;
			buildSettings = {
				ALWAYS_SEARCH_USER_PATHS = NO;
				CLANG_ANALYZER_NONNULL = YES;
				CLANG_ANALYZER_NUMBER_OBJECT_CONVERSION = YES_AGGRESSIVE;
				CLANG_CXX_LANGUAGE_STANDARD = "gnu++20";
				CLANG_ENABLE_MODULES = YES;
				CLANG_ENABLE_OBJC_ARC = YES;
				CLANG_ENABLE_OBJC_WEAK = YES;
				CLANG_WARN_BLOCK_CAPTURE_AUTORELEASING = YES;
				CLANG_WARN_BOOL_CONVERSION = YES;
				CLANG_WARN_COMMA = YES;
				CLANG_WARN_CONSTANT_CONVERSION = YES;
				CLANG_WARN_DEPRECATED_OBJC_IMPLEMENTATIONS = YES;
				CLANG_WARN_DIRECT_OBJC_ISA_USAGE = YES_ERROR;
				CLANG_WARN_DOCUMENTATION_COMMENTS = YES;
				CLANG_WARN_EMPTY_BODY = YES;
				CLANG_WARN_ENUM_CONVERSION = YES;
				CLANG_WARN_INFINITE_RECURSION = YES;
				CLANG_WARN_INT_CONVERSION = YES;
				CLANG_WARN_NON_LITERAL_NULL_CONVERSION = YES;
				CLANG_WARN_OBJC_IMPLICIT_RETAIN_SELF = YES;
				CLANG_WARN_OBJC_LITERAL_CONVERSION = YES;
				CLANG_WARN_OBJC_ROOT_CLASS = YES_ERROR;
				CLANG_WARN_QUOTED_INCLUDE_IN_FRAMEWORK_HEADER = YES;
				CLANG_WARN_RANGE_LOOP_ANALYSIS = YES;
				CLANG_WARN_STRICT_PROTOTYPES = YES;
				CLANG_WARN_SUSPICIOUS_MOVE = YES;
				CLANG_WARN_UNGUARDED_AVAILABILITY = YES_AGGRESSIVE;
				CLANG_WARN_UNREACHABLE_CODE = YES;
				CLANG_WARN__DUPLICATE_METHOD_MATCH = YES;
				COPY_PHASE_STRIP = NO;
				DEBUG_INFORMATION_FORMAT = dwarf;
				ENABLE_STRICT_OBJC_MSGSEND = YES;
				ENABLE_TESTABILITY = YES;
				GCC_C_LANGUAGE_STANDARD = gnu11;
				GCC_DYNAMIC_NO_PIC = NO;
				GCC_NO_COMMON_BLOCKS = YES;
				GCC_OPTIMIZATION_LEVEL = 0;
				GCC_PREPROCESSOR_DEFINITIONS = (
					"DEBUG=1",
					"$(inherited)",
				);
				GCC_WARN_64_TO_32_BIT_CONVERSION = YES;
				GCC_WARN_ABOUT_RETURN_TYPE = YES_ERROR;
				GCC_WARN_UNDECLARED_SELECTOR = YES;
				GCC_WARN_UNINITIALIZED_AUTOS = YES_AGGRESSIVE;
				GCC_WARN_UNUSED_FUNCTION = YES;
				GCC_WARN_UNUSED_VARIABLE = YES;
				IPHONEOS_DEPLOYMENT_TARGET = 16.2;
				MTL_ENABLE_DEBUG_INFO = INCLUDE_SOURCE;
				MTL_FAST_MATH = YES;
				ONLY_ACTIVE_ARCH = YES;
				SDKROOT = iphoneos;
				SWIFT_ACTIVE_COMPILATION_CONDITIONS = DEBUG;
				SWIFT_OPTIMIZATION_LEVEL = "-Onone";
			};
			name = Debug;
		};
		39540C5829D19047009C4EC6 /* Release */ = {
			isa = XCBuildConfiguration;
			buildSettings = {
				ALWAYS_SEARCH_USER_PATHS = NO;
				CLANG_ANALYZER_NONNULL = YES;
				CLANG_ANALYZER_NUMBER_OBJECT_CONVERSION = YES_AGGRESSIVE;
				CLANG_CXX_LANGUAGE_STANDARD = "gnu++20";
				CLANG_ENABLE_MODULES = YES;
				CLANG_ENABLE_OBJC_ARC = YES;
				CLANG_ENABLE_OBJC_WEAK = YES;
				CLANG_WARN_BLOCK_CAPTURE_AUTORELEASING = YES;
				CLANG_WARN_BOOL_CONVERSION = YES;
				CLANG_WARN_COMMA = YES;
				CLANG_WARN_CONSTANT_CONVERSION = YES;
				CLANG_WARN_DEPRECATED_OBJC_IMPLEMENTATIONS = YES;
				CLANG_WARN_DIRECT_OBJC_ISA_USAGE = YES_ERROR;
				CLANG_WARN_DOCUMENTATION_COMMENTS = YES;
				CLANG_WARN_EMPTY_BODY = YES;
				CLANG_WARN_ENUM_CONVERSION = YES;
				CLANG_WARN_INFINITE_RECURSION = YES;
				CLANG_WARN_INT_CONVERSION = YES;
				CLANG_WARN_NON_LITERAL_NULL_CONVERSION = YES;
				CLANG_WARN_OBJC_IMPLICIT_RETAIN_SELF = YES;
				CLANG_WARN_OBJC_LITERAL_CONVERSION = YES;
				CLANG_WARN_OBJC_ROOT_CLASS = YES_ERROR;
				CLANG_WARN_QUOTED_INCLUDE_IN_FRAMEWORK_HEADER = YES;
				CLANG_WARN_RANGE_LOOP_ANALYSIS = YES;
				CLANG_WARN_STRICT_PROTOTYPES = YES;
				CLANG_WARN_SUSPICIOUS_MOVE = YES;
				CLANG_WARN_UNGUARDED_AVAILABILITY = YES_AGGRESSIVE;
				CLANG_WARN_UNREACHABLE_CODE = YES;
				CLANG_WARN__DUPLICATE_METHOD_MATCH = YES;
				COPY_PHASE_STRIP = NO;
				DEBUG_INFORMATION_FORMAT = "dwarf-with-dsym";
				ENABLE_NS_ASSERTIONS = NO;
				ENABLE_STRICT_OBJC_MSGSEND = YES;
				GCC_C_LANGUAGE_STANDARD = gnu11;
				GCC_NO_COMMON_BLOCKS = YES;
				GCC_WARN_64_TO_32_BIT_CONVERSION = YES;
				GCC_WARN_ABOUT_RETURN_TYPE = YES_ERROR;
				GCC_WARN_UNDECLARED_SELECTOR = YES;
				GCC_WARN_UNINITIALIZED_AUTOS = YES_AGGRESSIVE;
				GCC_WARN_UNUSED_FUNCTION = YES;
				GCC_WARN_UNUSED_VARIABLE = YES;
				IPHONEOS_DEPLOYMENT_TARGET = 16.2;
				MTL_ENABLE_DEBUG_INFO = NO;
				MTL_FAST_MATH = YES;
				SDKROOT = iphoneos;
				SWIFT_COMPILATION_MODE = wholemodule;
				SWIFT_OPTIMIZATION_LEVEL = "-O";
				VALIDATE_PRODUCT = YES;
			};
			name = Release;
		};
		39540C5A29D19047009C4EC6 /* Debug */ = {
			isa = XCBuildConfiguration;
			buildSettings = {
				ASSETCATALOG_COMPILER_APPICON_NAME = AppIcon;
				ASSETCATALOG_COMPILER_GLOBAL_ACCENT_COLOR_NAME = AccentColor;
				CODE_SIGN_STYLE = Automatic;
				CURRENT_PROJECT_VERSION = 1;
				GENERATE_INFOPLIST_FILE = YES;
				INFOPLIST_FILE = ViperSample/Info.plist;
				INFOPLIST_KEY_UIApplicationSupportsIndirectInputEvents = YES;
				INFOPLIST_KEY_UILaunchStoryboardName = LaunchScreen;
				INFOPLIST_KEY_UIMainStoryboardFile = Main;
				INFOPLIST_KEY_UISupportedInterfaceOrientations_iPad = "UIInterfaceOrientationPortrait UIInterfaceOrientationPortraitUpsideDown UIInterfaceOrientationLandscapeLeft UIInterfaceOrientationLandscapeRight";
				INFOPLIST_KEY_UISupportedInterfaceOrientations_iPhone = "UIInterfaceOrientationPortrait UIInterfaceOrientationLandscapeLeft UIInterfaceOrientationLandscapeRight";
				LD_RUNPATH_SEARCH_PATHS = (
					"$(inherited)",
					"@executable_path/Frameworks",
				);
				MARKETING_VERSION = 1.0;
				PRODUCT_BUNDLE_IDENTIFIER = com.HackAttack.ViperSample;
				PRODUCT_NAME = "$(TARGET_NAME)";
				SWIFT_EMIT_LOC_STRINGS = YES;
				SWIFT_VERSION = 5.0;
				TARGETED_DEVICE_FAMILY = "1,2";
			};
			name = Debug;
		};
		39540C5B29D19047009C4EC6 /* Release */ = {
			isa = XCBuildConfiguration;
			buildSettings = {
				ASSETCATALOG_COMPILER_APPICON_NAME = AppIcon;
				ASSETCATALOG_COMPILER_GLOBAL_ACCENT_COLOR_NAME = AccentColor;
				CODE_SIGN_STYLE = Automatic;
				CURRENT_PROJECT_VERSION = 1;
				GENERATE_INFOPLIST_FILE = YES;
				INFOPLIST_FILE = ViperSample/Info.plist;
				INFOPLIST_KEY_UIApplicationSupportsIndirectInputEvents = YES;
				INFOPLIST_KEY_UILaunchStoryboardName = LaunchScreen;
				INFOPLIST_KEY_UIMainStoryboardFile = Main;
				INFOPLIST_KEY_UISupportedInterfaceOrientations_iPad = "UIInterfaceOrientationPortrait UIInterfaceOrientationPortraitUpsideDown UIInterfaceOrientationLandscapeLeft UIInterfaceOrientationLandscapeRight";
				INFOPLIST_KEY_UISupportedInterfaceOrientations_iPhone = "UIInterfaceOrientationPortrait UIInterfaceOrientationLandscapeLeft UIInterfaceOrientationLandscapeRight";
				LD_RUNPATH_SEARCH_PATHS = (
					"$(inherited)",
					"@executable_path/Frameworks",
				);
				MARKETING_VERSION = 1.0;
				PRODUCT_BUNDLE_IDENTIFIER = com.HackAttack.ViperSample;
				PRODUCT_NAME = "$(TARGET_NAME)";
				SWIFT_EMIT_LOC_STRINGS = YES;
				SWIFT_VERSION = 5.0;
				TARGETED_DEVICE_FAMILY = "1,2";
			};
			name = Release;
		};
		39540C5D29D19047009C4EC6 /* Debug */ = {
			isa = XCBuildConfiguration;
			buildSettings = {
				ALWAYS_EMBED_SWIFT_STANDARD_LIBRARIES = YES;
				BUNDLE_LOADER = "$(TEST_HOST)";
				CODE_SIGN_STYLE = Automatic;
				CURRENT_PROJECT_VERSION = 1;
				GENERATE_INFOPLIST_FILE = YES;
				IPHONEOS_DEPLOYMENT_TARGET = 16.2;
				MARKETING_VERSION = 1.0;
				PRODUCT_BUNDLE_IDENTIFIER = com.HackAttack.ViperSampleTests;
				PRODUCT_NAME = "$(TARGET_NAME)";
				SWIFT_EMIT_LOC_STRINGS = NO;
				SWIFT_VERSION = 5.0;
				TARGETED_DEVICE_FAMILY = "1,2";
				TEST_HOST = "$(BUILT_PRODUCTS_DIR)/ViperSample.app/$(BUNDLE_EXECUTABLE_FOLDER_PATH)/ViperSample";
			};
			name = Debug;
		};
		39540C5E29D19047009C4EC6 /* Release */ = {
			isa = XCBuildConfiguration;
			buildSettings = {
				ALWAYS_EMBED_SWIFT_STANDARD_LIBRARIES = YES;
				BUNDLE_LOADER = "$(TEST_HOST)";
				CODE_SIGN_STYLE = Automatic;
				CURRENT_PROJECT_VERSION = 1;
				GENERATE_INFOPLIST_FILE = YES;
				IPHONEOS_DEPLOYMENT_TARGET = 16.2;
				MARKETING_VERSION = 1.0;
				PRODUCT_BUNDLE_IDENTIFIER = com.HackAttack.ViperSampleTests;
				PRODUCT_NAME = "$(TARGET_NAME)";
				SWIFT_EMIT_LOC_STRINGS = NO;
				SWIFT_VERSION = 5.0;
				TARGETED_DEVICE_FAMILY = "1,2";
				TEST_HOST = "$(BUILT_PRODUCTS_DIR)/ViperSample.app/$(BUNDLE_EXECUTABLE_FOLDER_PATH)/ViperSample";
			};
			name = Release;
		};
		39540C6029D19047009C4EC6 /* Debug */ = {
			isa = XCBuildConfiguration;
			buildSettings = {
				ALWAYS_EMBED_SWIFT_STANDARD_LIBRARIES = YES;
				CODE_SIGN_STYLE = Automatic;
				CURRENT_PROJECT_VERSION = 1;
				GENERATE_INFOPLIST_FILE = YES;
				MARKETING_VERSION = 1.0;
				PRODUCT_BUNDLE_IDENTIFIER = com.HackAttack.ViperSampleUITests;
				PRODUCT_NAME = "$(TARGET_NAME)";
				SWIFT_EMIT_LOC_STRINGS = NO;
				SWIFT_VERSION = 5.0;
				TARGETED_DEVICE_FAMILY = "1,2";
				TEST_TARGET_NAME = ViperSample;
			};
			name = Debug;
		};
		39540C6129D19047009C4EC6 /* Release */ = {
			isa = XCBuildConfiguration;
			buildSettings = {
				ALWAYS_EMBED_SWIFT_STANDARD_LIBRARIES = YES;
				CODE_SIGN_STYLE = Automatic;
				CURRENT_PROJECT_VERSION = 1;
				GENERATE_INFOPLIST_FILE = YES;
				MARKETING_VERSION = 1.0;
				PRODUCT_BUNDLE_IDENTIFIER = com.HackAttack.ViperSampleUITests;
				PRODUCT_NAME = "$(TARGET_NAME)";
				SWIFT_EMIT_LOC_STRINGS = NO;
				SWIFT_VERSION = 5.0;
				TARGETED_DEVICE_FAMILY = "1,2";
				TEST_TARGET_NAME = ViperSample;
			};
			name = Release;
		};
/* End XCBuildConfiguration section */

/* Begin XCConfigurationList section */
		39540C2A29D19045009C4EC6 /* Build configuration list for PBXProject "ViperSample" */ = {
			isa = XCConfigurationList;
			buildConfigurations = (
				39540C5729D19047009C4EC6 /* Debug */,
				39540C5829D19047009C4EC6 /* Release */,
			);
			defaultConfigurationIsVisible = 0;
			defaultConfigurationName = Release;
		};
		39540C5929D19047009C4EC6 /* Build configuration list for PBXNativeTarget "ViperSample" */ = {
			isa = XCConfigurationList;
			buildConfigurations = (
				39540C5A29D19047009C4EC6 /* Debug */,
				39540C5B29D19047009C4EC6 /* Release */,
			);
			defaultConfigurationIsVisible = 0;
			defaultConfigurationName = Release;
		};
		39540C5C29D19047009C4EC6 /* Build configuration list for PBXNativeTarget "ViperSampleTests" */ = {
			isa = XCConfigurationList;
			buildConfigurations = (
				39540C5D29D19047009C4EC6 /* Debug */,
				39540C5E29D19047009C4EC6 /* Release */,
			);
			defaultConfigurationIsVisible = 0;
			defaultConfigurationName = Release;
		};
		39540C5F29D19047009C4EC6 /* Build configuration list for PBXNativeTarget "ViperSampleUITests" */ = {
			isa = XCConfigurationList;
			buildConfigurations = (
				39540C6029D19047009C4EC6 /* Debug */,
				39540C6129D19047009C4EC6 /* Release */,
			);
			defaultConfigurationIsVisible = 0;
			defaultConfigurationName = Release;
		};
/* End XCConfigurationList section */
	};
	rootObject = 39540C2729D19045009C4EC6 /* Project object */;
}
